
Microsoft Visual Studio Solution File, Format Version 12.00
# Visual Studio Version 16
VisualStudioVersion = 16.0.30717.126
MinimumVisualStudioVersion = 10.0.40219.1
Project("{9A19103F-16F7-4668-BE54-9A1E7A4F7556}") = "Atomic.Toolbox.DI", "Atomic.Toolbox.DI\Atomic.Toolbox.DI.csproj", "{58D642F8-5A78-4E63-87A8-643CFB37C89B}"
EndProject
Project("{9A19103F-16F7-4668-BE54-9A1E7A4F7556}") = "Atomic.Injector.ConsoleTest", "Atomic.Injector.ConsoleTest\Atomic.Injector.ConsoleTest.csproj", "{43089338-52B3-40DA-ABF5-3B5867C08A35}"
EndProject
Project("{9A19103F-16F7-4668-BE54-9A1E7A4F7556}") = "Atomic.Toolbox.DI.Core", "Atomic.Toolbox.DI.Core\Atomic.Toolbox.DI.Core.csproj", "{E100FB77-E6A4-492E-A3EB-BD353DE37A24}"
EndProject
Project("{FAE04EC0-301F-11D3-BF4B-00C04F79EFBC}") = "Atomic.Toolbox.Core", "Atomic.Toolbox.Core\Atomic.Toolbox.Core.csproj", "{5784C272-04F4-4F4F-B698-3A98BB918886}"
EndProject
Project("{FAE04EC0-301F-11D3-BF4B-00C04F79EFBC}") = "Atomic.Toolbox.Tools", "Atomic.Toolbox.Tools\Atomic.Toolbox.Tools.csproj", "{ADAC1008-E36D-4E8D-9D4A-5F2CAB181823}"
EndProject
Project("{FAE04EC0-301F-11D3-BF4B-00C04F79EFBC}") = "Atomic.Toolbox.Tools.Core", "Atomic.Toolbox.Tools.Core\Atomic.Toolbox.Tools.Core.csproj", "{B2E91345-DDFF-446B-86C6-33A1E4D0E966}"
EndProject
Global
	GlobalSection(SolutionConfigurationPlatforms) = preSolution
		Debug|Any CPU = Debug|Any CPU
		net_2_0_Debug|Any CPU = net_2_0_Debug|Any CPU
		net_2_0_Release|Any CPU = net_2_0_Release|Any CPU
		net_3_5_Debug|Any CPU = net_3_5_Debug|Any CPU
		net_3_5_Release|Any CPU = net_3_5_Release|Any CPU
		net_4_0_Debug|Any CPU = net_4_0_Debug|Any CPU
		net_4_0_Release|Any CPU = net_4_0_Release|Any CPU
		net_4_5_Debug|Any CPU = net_4_5_Debug|Any CPU
		net_4_5_Release|Any CPU = net_4_5_Release|Any CPU
		Release|Any CPU = Release|Any CPU
		silverlight_Debug|Any CPU = silverlight_Debug|Any CPU
		silverlight_Release|Any CPU = silverlight_Release|Any CPU
		winphone_Debug|Any CPU = winphone_Debug|Any CPU
		winphone_Release|Any CPU = winphone_Release|Any CPU
	EndGlobalSection
	GlobalSection(ProjectConfigurationPlatforms) = postSolution
		{58D642F8-5A78-4E63-87A8-643CFB37C89B}.Debug|Any CPU.ActiveCfg = Debug|Any CPU
		{58D642F8-5A78-4E63-87A8-643CFB37C89B}.Debug|Any CPU.Build.0 = Debug|Any CPU
		{58D642F8-5A78-4E63-87A8-643CFB37C89B}.net_2_0_Debug|Any CPU.ActiveCfg = Debug|Any CPU
		{58D642F8-5A78-4E63-87A8-643CFB37C89B}.net_2_0_Debug|Any CPU.Build.0 = Debug|Any CPU
		{58D642F8-5A78-4E63-87A8-643CFB37C89B}.net_2_0_Release|Any CPU.ActiveCfg = Release|Any CPU
		{58D642F8-5A78-4E63-87A8-643CFB37C89B}.net_2_0_Release|Any CPU.Build.0 = Release|Any CPU
		{58D642F8-5A78-4E63-87A8-643CFB37C89B}.net_3_5_Debug|Any CPU.ActiveCfg = Debug|Any CPU
		{58D642F8-5A78-4E63-87A8-643CFB37C89B}.net_3_5_Debug|Any CPU.Build.0 = Debug|Any CPU
		{58D642F8-5A78-4E63-87A8-643CFB37C89B}.net_3_5_Release|Any CPU.ActiveCfg = Release|Any CPU
		{58D642F8-5A78-4E63-87A8-643CFB37C89B}.net_3_5_Release|Any CPU.Build.0 = Release|Any CPU
		{58D642F8-5A78-4E63-87A8-643CFB37C89B}.net_4_0_Debug|Any CPU.ActiveCfg = Debug|Any CPU
		{58D642F8-5A78-4E63-87A8-643CFB37C89B}.net_4_0_Debug|Any CPU.Build.0 = Debug|Any CPU
		{58D642F8-5A78-4E63-87A8-643CFB37C89B}.net_4_0_Release|Any CPU.ActiveCfg = Release|Any CPU
		{58D642F8-5A78-4E63-87A8-643CFB37C89B}.net_4_0_Release|Any CPU.Build.0 = Release|Any CPU
		{58D642F8-5A78-4E63-87A8-643CFB37C89B}.net_4_5_Debug|Any CPU.ActiveCfg = Debug|Any CPU
		{58D642F8-5A78-4E63-87A8-643CFB37C89B}.net_4_5_Debug|Any CPU.Build.0 = Debug|Any CPU
		{58D642F8-5A78-4E63-87A8-643CFB37C89B}.net_4_5_Release|Any CPU.ActiveCfg = Release|Any CPU
		{58D642F8-5A78-4E63-87A8-643CFB37C89B}.net_4_5_Release|Any CPU.Build.0 = Release|Any CPU
		{58D642F8-5A78-4E63-87A8-643CFB37C89B}.Release|Any CPU.ActiveCfg = Release|Any CPU
		{58D642F8-5A78-4E63-87A8-643CFB37C89B}.Release|Any CPU.Build.0 = Release|Any CPU
		{58D642F8-5A78-4E63-87A8-643CFB37C89B}.silverlight_Debug|Any CPU.ActiveCfg = Debug|Any CPU
		{58D642F8-5A78-4E63-87A8-643CFB37C89B}.silverlight_Debug|Any CPU.Build.0 = Debug|Any CPU
		{58D642F8-5A78-4E63-87A8-643CFB37C89B}.silverlight_Release|Any CPU.ActiveCfg = Release|Any CPU
		{58D642F8-5A78-4E63-87A8-643CFB37C89B}.silverlight_Release|Any CPU.Build.0 = Release|Any CPU
		{58D642F8-5A78-4E63-87A8-643CFB37C89B}.winphone_Debug|Any CPU.ActiveCfg = Debug|Any CPU
		{58D642F8-5A78-4E63-87A8-643CFB37C89B}.winphone_Debug|Any CPU.Build.0 = Debug|Any CPU
		{58D642F8-5A78-4E63-87A8-643CFB37C89B}.winphone_Release|Any CPU.ActiveCfg = Release|Any CPU
		{58D642F8-5A78-4E63-87A8-643CFB37C89B}.winphone_Release|Any CPU.Build.0 = Release|Any CPU
		{43089338-52B3-40DA-ABF5-3B5867C08A35}.Debug|Any CPU.ActiveCfg = Debug|Any CPU
		{43089338-52B3-40DA-ABF5-3B5867C08A35}.Debug|Any CPU.Build.0 = Debug|Any CPU
		{43089338-52B3-40DA-ABF5-3B5867C08A35}.net_2_0_Debug|Any CPU.ActiveCfg = Debug|Any CPU
		{43089338-52B3-40DA-ABF5-3B5867C08A35}.net_2_0_Debug|Any CPU.Build.0 = Debug|Any CPU
		{43089338-52B3-40DA-ABF5-3B5867C08A35}.net_2_0_Release|Any CPU.ActiveCfg = Release|Any CPU
		{43089338-52B3-40DA-ABF5-3B5867C08A35}.net_2_0_Release|Any CPU.Build.0 = Release|Any CPU
		{43089338-52B3-40DA-ABF5-3B5867C08A35}.net_3_5_Debug|Any CPU.ActiveCfg = Debug|Any CPU
		{43089338-52B3-40DA-ABF5-3B5867C08A35}.net_3_5_Debug|Any CPU.Build.0 = Debug|Any CPU
		{43089338-52B3-40DA-ABF5-3B5867C08A35}.net_3_5_Release|Any CPU.ActiveCfg = Release|Any CPU
		{43089338-52B3-40DA-ABF5-3B5867C08A35}.net_3_5_Release|Any CPU.Build.0 = Release|Any CPU
		{43089338-52B3-40DA-ABF5-3B5867C08A35}.net_4_0_Debug|Any CPU.ActiveCfg = Debug|Any CPU
		{43089338-52B3-40DA-ABF5-3B5867C08A35}.net_4_0_Debug|Any CPU.Build.0 = Debug|Any CPU
		{43089338-52B3-40DA-ABF5-3B5867C08A35}.net_4_0_Release|Any CPU.ActiveCfg = Release|Any CPU
		{43089338-52B3-40DA-ABF5-3B5867C08A35}.net_4_0_Release|Any CPU.Build.0 = Release|Any CPU
		{43089338-52B3-40DA-ABF5-3B5867C08A35}.net_4_5_Debug|Any CPU.ActiveCfg = Debug|Any CPU
		{43089338-52B3-40DA-ABF5-3B5867C08A35}.net_4_5_Debug|Any CPU.Build.0 = Debug|Any CPU
		{43089338-52B3-40DA-ABF5-3B5867C08A35}.net_4_5_Release|Any CPU.ActiveCfg = Release|Any CPU
		{43089338-52B3-40DA-ABF5-3B5867C08A35}.net_4_5_Release|Any CPU.Build.0 = Release|Any CPU
		{43089338-52B3-40DA-ABF5-3B5867C08A35}.Release|Any CPU.ActiveCfg = Release|Any CPU
		{43089338-52B3-40DA-ABF5-3B5867C08A35}.Release|Any CPU.Build.0 = Release|Any CPU
		{43089338-52B3-40DA-ABF5-3B5867C08A35}.silverlight_Debug|Any CPU.ActiveCfg = Debug|Any CPU
		{43089338-52B3-40DA-ABF5-3B5867C08A35}.silverlight_Debug|Any CPU.Build.0 = Debug|Any CPU
		{43089338-52B3-40DA-ABF5-3B5867C08A35}.silverlight_Release|Any CPU.ActiveCfg = Release|Any CPU
		{43089338-52B3-40DA-ABF5-3B5867C08A35}.silverlight_Release|Any CPU.Build.0 = Release|Any CPU
		{43089338-52B3-40DA-ABF5-3B5867C08A35}.winphone_Debug|Any CPU.ActiveCfg = Debug|Any CPU
		{43089338-52B3-40DA-ABF5-3B5867C08A35}.winphone_Debug|Any CPU.Build.0 = Debug|Any CPU
		{43089338-52B3-40DA-ABF5-3B5867C08A35}.winphone_Release|Any CPU.ActiveCfg = Release|Any CPU
		{43089338-52B3-40DA-ABF5-3B5867C08A35}.winphone_Release|Any CPU.Build.0 = Release|Any CPU
		{E100FB77-E6A4-492E-A3EB-BD353DE37A24}.Debug|Any CPU.ActiveCfg = Debug|Any CPU
		{E100FB77-E6A4-492E-A3EB-BD353DE37A24}.Debug|Any CPU.Build.0 = Debug|Any CPU
		{E100FB77-E6A4-492E-A3EB-BD353DE37A24}.net_2_0_Debug|Any CPU.ActiveCfg = Debug|Any CPU
		{E100FB77-E6A4-492E-A3EB-BD353DE37A24}.net_2_0_Debug|Any CPU.Build.0 = Debug|Any CPU
		{E100FB77-E6A4-492E-A3EB-BD353DE37A24}.net_2_0_Release|Any CPU.ActiveCfg = Release|Any CPU
		{E100FB77-E6A4-492E-A3EB-BD353DE37A24}.net_2_0_Release|Any CPU.Build.0 = Release|Any CPU
		{E100FB77-E6A4-492E-A3EB-BD353DE37A24}.net_3_5_Debug|Any CPU.ActiveCfg = Debug|Any CPU
		{E100FB77-E6A4-492E-A3EB-BD353DE37A24}.net_3_5_Debug|Any CPU.Build.0 = Debug|Any CPU
		{E100FB77-E6A4-492E-A3EB-BD353DE37A24}.net_3_5_Release|Any CPU.ActiveCfg = Release|Any CPU
		{E100FB77-E6A4-492E-A3EB-BD353DE37A24}.net_3_5_Release|Any CPU.Build.0 = Release|Any CPU
		{E100FB77-E6A4-492E-A3EB-BD353DE37A24}.net_4_0_Debug|Any CPU.ActiveCfg = Debug|Any CPU
		{E100FB77-E6A4-492E-A3EB-BD353DE37A24}.net_4_0_Debug|Any CPU.Build.0 = Debug|Any CPU
		{E100FB77-E6A4-492E-A3EB-BD353DE37A24}.net_4_0_Release|Any CPU.ActiveCfg = Release|Any CPU
		{E100FB77-E6A4-492E-A3EB-BD353DE37A24}.net_4_0_Release|Any CPU.Build.0 = Release|Any CPU
		{E100FB77-E6A4-492E-A3EB-BD353DE37A24}.net_4_5_Debug|Any CPU.ActiveCfg = Debug|Any CPU
		{E100FB77-E6A4-492E-A3EB-BD353DE37A24}.net_4_5_Debug|Any CPU.Build.0 = Debug|Any CPU
		{E100FB77-E6A4-492E-A3EB-BD353DE37A24}.net_4_5_Release|Any CPU.ActiveCfg = Release|Any CPU
		{E100FB77-E6A4-492E-A3EB-BD353DE37A24}.net_4_5_Release|Any CPU.Build.0 = Release|Any CPU
		{E100FB77-E6A4-492E-A3EB-BD353DE37A24}.Release|Any CPU.ActiveCfg = Release|Any CPU
		{E100FB77-E6A4-492E-A3EB-BD353DE37A24}.Release|Any CPU.Build.0 = Release|Any CPU
		{E100FB77-E6A4-492E-A3EB-BD353DE37A24}.silverlight_Debug|Any CPU.ActiveCfg = Debug|Any CPU
		{E100FB77-E6A4-492E-A3EB-BD353DE37A24}.silverlight_Debug|Any CPU.Build.0 = Debug|Any CPU
		{E100FB77-E6A4-492E-A3EB-BD353DE37A24}.silverlight_Release|Any CPU.ActiveCfg = Release|Any CPU
		{E100FB77-E6A4-492E-A3EB-BD353DE37A24}.silverlight_Release|Any CPU.Build.0 = Release|Any CPU
		{E100FB77-E6A4-492E-A3EB-BD353DE37A24}.winphone_Debug|Any CPU.ActiveCfg = Debug|Any CPU
		{E100FB77-E6A4-492E-A3EB-BD353DE37A24}.winphone_Debug|Any CPU.Build.0 = Debug|Any CPU
		{E100FB77-E6A4-492E-A3EB-BD353DE37A24}.winphone_Release|Any CPU.ActiveCfg = Release|Any CPU
		{E100FB77-E6A4-492E-A3EB-BD353DE37A24}.winphone_Release|Any CPU.Build.0 = Release|Any CPU
		{5784C272-04F4-4F4F-B698-3A98BB918886}.Debug|Any CPU.ActiveCfg = Debug|Any CPU
		{5784C272-04F4-4F4F-B698-3A98BB918886}.Debug|Any CPU.Build.0 = Debug|Any CPU
		{5784C272-04F4-4F4F-B698-3A98BB918886}.net_2_0_Debug|Any CPU.ActiveCfg = Debug|Any CPU
		{5784C272-04F4-4F4F-B698-3A98BB918886}.net_2_0_Debug|Any CPU.Build.0 = Debug|Any CPU
		{5784C272-04F4-4F4F-B698-3A98BB918886}.net_2_0_Release|Any CPU.ActiveCfg = Debug|Any CPU
		{5784C272-04F4-4F4F-B698-3A98BB918886}.net_2_0_Release|Any CPU.Build.0 = Debug|Any CPU
		{5784C272-04F4-4F4F-B698-3A98BB918886}.net_3_5_Debug|Any CPU.ActiveCfg = Debug|Any CPU
		{5784C272-04F4-4F4F-B698-3A98BB918886}.net_3_5_Debug|Any CPU.Build.0 = Debug|Any CPU
		{5784C272-04F4-4F4F-B698-3A98BB918886}.net_3_5_Release|Any CPU.ActiveCfg = Debug|Any CPU
		{5784C272-04F4-4F4F-B698-3A98BB918886}.net_3_5_Release|Any CPU.Build.0 = Debug|Any CPU
		{5784C272-04F4-4F4F-B698-3A98BB918886}.net_4_0_Debug|Any CPU.ActiveCfg = Debug|Any CPU
		{5784C272-04F4-4F4F-B698-3A98BB918886}.net_4_0_Debug|Any CPU.Build.0 = Debug|Any CPU
		{5784C272-04F4-4F4F-B698-3A98BB918886}.net_4_0_Release|Any CPU.ActiveCfg = Debug|Any CPU
		{5784C272-04F4-4F4F-B698-3A98BB918886}.net_4_0_Release|Any CPU.Build.0 = Debug|Any CPU
		{5784C272-04F4-4F4F-B698-3A98BB918886}.net_4_5_Debug|Any CPU.ActiveCfg = Debug|Any CPU
		{5784C272-04F4-4F4F-B698-3A98BB918886}.net_4_5_Debug|Any CPU.Build.0 = Debug|Any CPU
		{5784C272-04F4-4F4F-B698-3A98BB918886}.net_4_5_Release|Any CPU.ActiveCfg = Debug|Any CPU
		{5784C272-04F4-4F4F-B698-3A98BB918886}.net_4_5_Release|Any CPU.Build.0 = Debug|Any CPU
		{5784C272-04F4-4F4F-B698-3A98BB918886}.Release|Any CPU.ActiveCfg = Release|Any CPU
		{5784C272-04F4-4F4F-B698-3A98BB918886}.Release|Any CPU.Build.0 = Release|Any CPU
		{5784C272-04F4-4F4F-B698-3A98BB918886}.silverlight_Debug|Any CPU.ActiveCfg = Debug|Any CPU
		{5784C272-04F4-4F4F-B698-3A98BB918886}.silverlight_Debug|Any CPU.Build.0 = Debug|Any CPU
		{5784C272-04F4-4F4F-B698-3A98BB918886}.silverlight_Release|Any CPU.ActiveCfg = Debug|Any CPU
		{5784C272-04F4-4F4F-B698-3A98BB918886}.silverlight_Release|Any CPU.Build.0 = Debug|Any CPU
		{5784C272-04F4-4F4F-B698-3A98BB918886}.winphone_Debug|Any CPU.ActiveCfg = Debug|Any CPU
		{5784C272-04F4-4F4F-B698-3A98BB918886}.winphone_Debug|Any CPU.Build.0 = Debug|Any CPU
		{5784C272-04F4-4F4F-B698-3A98BB918886}.winphone_Release|Any CPU.ActiveCfg = Debug|Any CPU
		{5784C272-04F4-4F4F-B698-3A98BB918886}.winphone_Release|Any CPU.Build.0 = Debug|Any CPU
		{ADAC1008-E36D-4E8D-9D4A-5F2CAB181823}.Debug|Any CPU.ActiveCfg = Debug|Any CPU
		{ADAC1008-E36D-4E8D-9D4A-5F2CAB181823}.Debug|Any CPU.Build.0 = Debug|Any CPU
		{ADAC1008-E36D-4E8D-9D4A-5F2CAB181823}.net_2_0_Debug|Any CPU.ActiveCfg = Debug|Any CPU
		{ADAC1008-E36D-4E8D-9D4A-5F2CAB181823}.net_2_0_Debug|Any CPU.Build.0 = Debug|Any CPU
		{ADAC1008-E36D-4E8D-9D4A-5F2CAB181823}.net_2_0_Release|Any CPU.ActiveCfg = Debug|Any CPU
		{ADAC1008-E36D-4E8D-9D4A-5F2CAB181823}.net_2_0_Release|Any CPU.Build.0 = Debug|Any CPU
		{ADAC1008-E36D-4E8D-9D4A-5F2CAB181823}.net_3_5_Debug|Any CPU.ActiveCfg = Debug|Any CPU
		{ADAC1008-E36D-4E8D-9D4A-5F2CAB181823}.net_3_5_Debug|Any CPU.Build.0 = Debug|Any CPU
		{ADAC1008-E36D-4E8D-9D4A-5F2CAB181823}.net_3_5_Release|Any CPU.ActiveCfg = Debug|Any CPU
		{ADAC1008-E36D-4E8D-9D4A-5F2CAB181823}.net_3_5_Release|Any CPU.Build.0 = Debug|Any CPU
		{ADAC1008-E36D-4E8D-9D4A-5F2CAB181823}.net_4_0_Debug|Any CPU.ActiveCfg = Debug|Any CPU
		{ADAC1008-E36D-4E8D-9D4A-5F2CAB181823}.net_4_0_Debug|Any CPU.Build.0 = Debug|Any CPU
		{ADAC1008-E36D-4E8D-9D4A-5F2CAB181823}.net_4_0_Release|Any CPU.ActiveCfg = Debug|Any CPU
		{ADAC1008-E36D-4E8D-9D4A-5F2CAB181823}.net_4_0_Release|Any CPU.Build.0 = Debug|Any CPU
		{ADAC1008-E36D-4E8D-9D4A-5F2CAB181823}.net_4_5_Debug|Any CPU.ActiveCfg = Debug|Any CPU
		{ADAC1008-E36D-4E8D-9D4A-5F2CAB181823}.net_4_5_Debug|Any CPU.Build.0 = Debug|Any CPU
		{ADAC1008-E36D-4E8D-9D4A-5F2CAB181823}.net_4_5_Release|Any CPU.ActiveCfg = Debug|Any CPU
		{ADAC1008-E36D-4E8D-9D4A-5F2CAB181823}.net_4_5_Release|Any CPU.Build.0 = Debug|Any CPU
		{ADAC1008-E36D-4E8D-9D4A-5F2CAB181823}.Release|Any CPU.ActiveCfg = Release|Any CPU
		{ADAC1008-E36D-4E8D-9D4A-5F2CAB181823}.Release|Any CPU.Build.0 = Release|Any CPU
		{ADAC1008-E36D-4E8D-9D4A-5F2CAB181823}.silverlight_Debug|Any CPU.ActiveCfg = Debug|Any CPU
		{ADAC1008-E36D-4E8D-9D4A-5F2CAB181823}.silverlight_Debug|Any CPU.Build.0 = Debug|Any CPU
		{ADAC1008-E36D-4E8D-9D4A-5F2CAB181823}.silverlight_Release|Any CPU.ActiveCfg = Debug|Any CPU
		{ADAC1008-E36D-4E8D-9D4A-5F2CAB181823}.silverlight_Release|Any CPU.Build.0 = Debug|Any CPU
		{ADAC1008-E36D-4E8D-9D4A-5F2CAB181823}.winphone_Debug|Any CPU.ActiveCfg = Debug|Any CPU
		{ADAC1008-E36D-4E8D-9D4A-5F2CAB181823}.winphone_Debug|Any CPU.Build.0 = Debug|Any CPU
		{ADAC1008-E36D-4E8D-9D4A-5F2CAB181823}.winphone_Release|Any CPU.ActiveCfg = Debug|Any CPU
		{ADAC1008-E36D-4E8D-9D4A-5F2CAB181823}.winphone_Release|Any CPU.Build.0 = Debug|Any CPU
		{B2E91345-DDFF-446B-86C6-33A1E4D0E966}.Debug|Any CPU.ActiveCfg = Debug|Any CPU
		{B2E91345-DDFF-446B-86C6-33A1E4D0E966}.Debug|Any CPU.Build.0 = Debug|Any CPU
		{B2E91345-DDFF-446B-86C6-33A1E4D0E966}.net_2_0_Debug|Any CPU.ActiveCfg = Debug|Any CPU
		{B2E91345-DDFF-446B-86C6-33A1E4D0E966}.net_2_0_Debug|Any CPU.Build.0 = Debug|Any CPU
		{B2E91345-DDFF-446B-86C6-33A1E4D0E966}.net_2_0_Release|Any CPU.ActiveCfg = Debug|Any CPU
		{B2E91345-DDFF-446B-86C6-33A1E4D0E966}.net_2_0_Release|Any CPU.Build.0 = Debug|Any CPU
		{B2E91345-DDFF-446B-86C6-33A1E4D0E966}.net_3_5_Debug|Any CPU.ActiveCfg = Debug|Any CPU
		{B2E91345-DDFF-446B-86C6-33A1E4D0E966}.net_3_5_Debug|Any CPU.Build.0 = Debug|Any CPU
		{B2E91345-DDFF-446B-86C6-33A1E4D0E966}.net_3_5_Release|Any CPU.ActiveCfg = Debug|Any CPU
		{B2E91345-DDFF-446B-86C6-33A1E4D0E966}.net_3_5_Release|Any CPU.Build.0 = Debug|Any CPU
		{B2E91345-DDFF-446B-86C6-33A1E4D0E966}.net_4_0_Debug|Any CPU.ActiveCfg = Debug|Any CPU
		{B2E91345-DDFF-446B-86C6-33A1E4D0E966}.net_4_0_Debug|Any CPU.Build.0 = Debug|Any CPU
		{B2E91345-DDFF-446B-86C6-33A1E4D0E966}.net_4_0_Release|Any CPU.ActiveCfg = Debug|Any CPU
		{B2E91345-DDFF-446B-86C6-33A1E4D0E966}.net_4_0_Release|Any CPU.Build.0 = Debug|Any CPU
		{B2E91345-DDFF-446B-86C6-33A1E4D0E966}.net_4_5_Debug|Any CPU.ActiveCfg = Debug|Any CPU
		{B2E91345-DDFF-446B-86C6-33A1E4D0E966}.net_4_5_Debug|Any CPU.Build.0 = Debug|Any CPU
		{B2E91345-DDFF-446B-86C6-33A1E4D0E966}.net_4_5_Release|Any CPU.ActiveCfg = Debug|Any CPU
		{B2E91345-DDFF-446B-86C6-33A1E4D0E966}.net_4_5_Release|Any CPU.Build.0 = Debug|Any CPU
		{B2E91345-DDFF-446B-86C6-33A1E4D0E966}.Release|Any CPU.ActiveCfg = Release|Any CPU
		{B2E91345-DDFF-446B-86C6-33A1E4D0E966}.Release|Any CPU.Build.0 = Release|Any CPU
		{B2E91345-DDFF-446B-86C6-33A1E4D0E966}.silverlight_Debug|Any CPU.ActiveCfg = Debug|Any CPU
		{B2E91345-DDFF-446B-86C6-33A1E4D0E966}.silverlight_Debug|Any CPU.Build.0 = Debug|Any CPU
		{B2E91345-DDFF-446B-86C6-33A1E4D0E966}.silverlight_Release|Any CPU.ActiveCfg = Debug|Any CPU
		{B2E91345-DDFF-446B-86C6-33A1E4D0E966}.silverlight_Release|Any CPU.Build.0 = Debug|Any CPU
		{B2E91345-DDFF-446B-86C6-33A1E4D0E966}.winphone_Debug|Any CPU.ActiveCfg = Debug|Any CPU
		{B2E91345-DDFF-446B-86C6-33A1E4D0E966}.winphone_Debug|Any CPU.Build.0 = Debug|Any CPU
		{B2E91345-DDFF-446B-86C6-33A1E4D0E966}.winphone_Release|Any CPU.ActiveCfg = Debug|Any CPU
		{B2E91345-DDFF-446B-86C6-33A1E4D0E966}.winphone_Release|Any CPU.Build.0 = Debug|Any CPU
	EndGlobalSection
	GlobalSection(SolutionProperties) = preSolution
		HideSolutionNode = FALSE
	EndGlobalSection
	GlobalSection(ExtensibilityGlobals) = postSolution
		SolutionGuid = {47B8205A-6455-47B5-8930-2C2D1A642434}
	EndGlobalSection
EndGlobal
